
Microsoft Visual Studio Solution File, Format Version 12.00
# Visual Studio Version 16
VisualStudioVersion = 16.0.29201.188
MinimumVisualStudioVersion = 10.0.40219.1
Project("{9A19103F-16F7-4668-BE54-9A1E7A4F7556}") = "DebugTest", "DebugTest\DebugTest.csproj", "{F20B12FD-55F4-41A0-A0D9-FF1B166CECCA}"
EndProject
Project("{FAE04EC0-301F-11D3-BF4B-00C04F79EFBC}") = "VariabelTal", "VariabelTal\VariabelTal.csproj", "{84674EAC-E070-41F6-8686-93501D2442AA}"
EndProject
Global
	GlobalSection(SolutionConfigurationPlatforms) = preSolution
		Debug|Any CPU = Debug|Any CPU
		Release|Any CPU = Release|Any CPU
	EndGlobalSection
	GlobalSection(ProjectConfigurationPlatforms) = postSolution
		{F20B12FD-55F4-41A0-A0D9-FF1B166CECCA}.Debug|Any CPU.ActiveCfg = Debug|Any CPU
		{F20B12FD-55F4-41A0-A0D9-FF1B166CECCA}.Debug|Any CPU.Build.0 = Debug|Any CPU
		{F20B12FD-55F4-41A0-A0D9-FF1B166CECCA}.Release|Any CPU.ActiveCfg = Release|Any CPU
		{F20B12FD-55F4-41A0-A0D9-FF1B166CECCA}.Release|Any CPU.Build.0 = Release|Any CPU
		{84674EAC-E070-41F6-8686-93501D2442AA}.Debug|Any CPU.ActiveCfg = Debug|Any CPU
		{84674EAC-E070-41F6-8686-93501D2442AA}.Debug|Any CPU.Build.0 = Debug|Any CPU
		{84674EAC-E070-41F6-8686-93501D2442AA}.Release|Any CPU.ActiveCfg = Release|Any CPU
		{84674EAC-E070-41F6-8686-93501D2442AA}.Release|Any CPU.Build.0 = Release|Any CPU
	EndGlobalSection
	GlobalSection(SolutionProperties) = preSolution
		HideSolutionNode = FALSE
	EndGlobalSection
	GlobalSection(ExtensibilityGlobals) = postSolution
		SolutionGuid = {1802EB71-3039-4C40-BD10-1B761C4B827D}
	EndGlobalSection
EndGlobal
