
Microsoft Visual Studio Solution File, Format Version 12.00
# Visual Studio Version 16
VisualStudioVersion = 16.0.29201.188
MinimumVisualStudioVersion = 10.0.40219.1
Project("{9A19103F-16F7-4668-BE54-9A1E7A4F7556}") = "DebugTest", "DebugTest\DebugTest.csproj", "{F20B12FD-55F4-41A0-A0D9-FF1B166CECCA}"
EndProject
Project("{9A19103F-16F7-4668-BE54-9A1E7A4F7556}") = "VariabelTal", "VariabelTal\VariabelTal.csproj", "{84674EAC-E070-41F6-8686-93501D2442AA}"
EndProject
Project("{9A19103F-16F7-4668-BE54-9A1E7A4F7556}") = "VariabelString", "VariabelString\VariabelString.csproj", "{AA07265E-DE55-4B79-9C46-5BF8D94BE906}"
EndProject
Project("{9A19103F-16F7-4668-BE54-9A1E7A4F7556}") = "Regnemaskine", "Regnemaskine\Regnemaskine.csproj", "{38DF4799-3584-4BB4-8489-38E926C55928}"
EndProject
Project("{9A19103F-16F7-4668-BE54-9A1E7A4F7556}") = "DatoOpgave", "DatoOpgave\DatoOpgave.csproj", "{98E527F2-6893-4B06-A3C0-3EEE179A1BA5}"
EndProject
Project("{9A19103F-16F7-4668-BE54-9A1E7A4F7556}") = "Kortspil", "Kortspil\Kortspil.csproj", "{5EDD7146-A94D-4C7B-9419-E10B9F73BB00}"
EndProject
Project("{9A19103F-16F7-4668-BE54-9A1E7A4F7556}") = "10tabel", "10tabel\10tabel.csproj", "{51119CF7-1BF3-4DB9-A9A5-A3F6685D63CE}"
EndProject
Project("{9A19103F-16F7-4668-BE54-9A1E7A4F7556}") = "Metoder", "Metoder\Metoder.csproj", "{62A4F0CB-0BE6-445B-A049-80B364ACC6E3}"
EndProject
Project("{9A19103F-16F7-4668-BE54-9A1E7A4F7556}") = "MetoderIO", "MetoderIO\MetoderIO.csproj", "{5914673C-DF51-4245-97F6-1F6859DB01D4}"
EndProject
Project("{9A19103F-16F7-4668-BE54-9A1E7A4F7556}") = "Overload", "Overload\Overload.csproj", "{369A8FD7-A11D-4FC7-B8C0-5303E215EFE8}"
EndProject
Project("{9A19103F-16F7-4668-BE54-9A1E7A4F7556}") = "Arrays", "Arrays\Arrays.csproj", "{20F04F21-E442-4361-B42E-20733662F116}"
EndProject
Project("{9A19103F-16F7-4668-BE54-9A1E7A4F7556}") = "Samlinger", "Samlinger\Samlinger.csproj", "{98C6FCFF-C742-40A6-92BD-9C399DEA8E94}"
EndProject
Project("{9A19103F-16F7-4668-BE54-9A1E7A4F7556}") = "Klasser", "Klasser\Klasser.csproj", "{C0030B40-7CD9-4927-ACB1-17FA2D364121}"
EndProject
Project("{9A19103F-16F7-4668-BE54-9A1E7A4F7556}") = "Yatzy", "Yatzy\Yatzy.csproj", "{3A784219-ED99-496F-A50C-5CB2AAD4E370}"
EndProject
Project("{9A19103F-16F7-4668-BE54-9A1E7A4F7556}") = "HukommelseTeori", "HukommelseTeori\HukommelseTeori.csproj", "{5567A321-7CE6-4B9B-A0C5-CEEF3E101357}"
EndProject
Project("{9A19103F-16F7-4668-BE54-9A1E7A4F7556}") = "HukommelsesTeori2", "HukommelsesTeori2\HukommelsesTeori2.csproj", "{10DA101C-E515-408B-9A44-5C7D4A419F99}"
EndProject
Project("{9A19103F-16F7-4668-BE54-9A1E7A4F7556}") = "Indkapsling", "Indkapsling\Indkapsling.csproj", "{BC99A0C3-332F-4AEF-A00B-3C3405AC4AF9}"
EndProject
Project("{9A19103F-16F7-4668-BE54-9A1E7A4F7556}") = "Egenskaber", "Egenskaber\Egenskaber.csproj", "{FBDCAF16-DCFE-40BA-B897-10C226A23856}"
EndProject
Project("{9A19103F-16F7-4668-BE54-9A1E7A4F7556}") = "EgenskaberTrekant", "EgenskaberTrekant\EgenskaberTrekant.csproj", "{70C18733-301E-4D50-B826-AF7F4E957B5E}"
EndProject
Project("{9A19103F-16F7-4668-BE54-9A1E7A4F7556}") = "Egenskaber3", "Egenskaber3\Egenskaber3.csproj", "{CB47E682-ACE0-49BF-B092-D5B4C0E18C31}"
EndProject
Project("{9A19103F-16F7-4668-BE54-9A1E7A4F7556}") = "Arv", "Arv\Arv.csproj", "{FAC4D320-198E-4D7D-9272-5991AF4A5FDC}"
EndProject
Project("{9A19103F-16F7-4668-BE54-9A1E7A4F7556}") = "Arv2", "Arv2\Arv2.csproj", "{EB1A5570-851C-4090-A4E6-00219BC40F4D}"
EndProject
Project("{9A19103F-16F7-4668-BE54-9A1E7A4F7556}") = "AbstraktKlasse", "AbstraktKlasse\AbstraktKlasse.csproj", "{E25B21AB-341C-4422-B767-AB5CEDB60EB0}"
EndProject
Project("{9A19103F-16F7-4668-BE54-9A1E7A4F7556}") = "PolymorfiSamling", "PolymorfiSamling\PolymorfiSamling.csproj", "{75053EF8-421A-49EE-B4AB-B7B9DB22509A}"
EndProject
Project("{9A19103F-16F7-4668-BE54-9A1E7A4F7556}") = "InterfaceOpg", "InterfaceOpg\InterfaceOpg.csproj", "{6E96BBDF-2E04-456F-9235-839DA7EC7D11}"
EndProject
Project("{9A19103F-16F7-4668-BE54-9A1E7A4F7556}") = "CompareOpg", "CompareOpg\CompareOpg.csproj", "{6970141A-36AE-4BBC-BF23-54AC3564FBF6}"
EndProject
Project("{9A19103F-16F7-4668-BE54-9A1E7A4F7556}") = "Delegates1", "Delegates1\Delegates1.csproj", "{7984F121-0429-49B3-8F91-29C6DD69E17B}"
EndProject
Project("{9A19103F-16F7-4668-BE54-9A1E7A4F7556}") = "RegnemaskineDelegate", "RegnemaskineDelegate\RegnemaskineDelegate.csproj", "{2C4319A9-353E-4B8B-9241-3B6E8AB9BA36}"
EndProject
Project("{FAE04EC0-301F-11D3-BF4B-00C04F79EFBC}") = "TerningDelegate", "TerningDelegate\TerningDelegate.csproj", "{582AECE0-D458-4456-A6A9-30B41BD74BCE}"
EndProject
Project("{FAE04EC0-301F-11D3-BF4B-00C04F79EFBC}") = "HoldØjeMedMappe", "HoldØjeMedMappe\HoldØjeMedMappe.csproj", "{BC853FF6-A4A5-49AE-833C-8193F416CD20}"
EndProject
Project("{FAE04EC0-301F-11D3-BF4B-00C04F79EFBC}") = "KreditMax", "KreditMax\KreditMax.csproj", "{BBECD1C0-5C90-4905-BFD3-131F80B765DD}"
EndProject
Project("{FAE04EC0-301F-11D3-BF4B-00C04F79EFBC}") = "LinqOpg", "LinqOpg\LinqOpg.csproj", "{78012D4D-31A4-41AD-B0CE-39AC6ECC69D0}"
EndProject
Project("{FAE04EC0-301F-11D3-BF4B-00C04F79EFBC}") = "DatabaseSjov", "DatabaseSjov\DatabaseSjov.csproj", "{80ED15EE-8B7C-40BE-A21A-C43277631781}"
EndProject
Global
	GlobalSection(SolutionConfigurationPlatforms) = preSolution
		Debug|Any CPU = Debug|Any CPU
		Release|Any CPU = Release|Any CPU
	EndGlobalSection
	GlobalSection(ProjectConfigurationPlatforms) = postSolution
		{F20B12FD-55F4-41A0-A0D9-FF1B166CECCA}.Debug|Any CPU.ActiveCfg = Debug|Any CPU
		{F20B12FD-55F4-41A0-A0D9-FF1B166CECCA}.Debug|Any CPU.Build.0 = Debug|Any CPU
		{F20B12FD-55F4-41A0-A0D9-FF1B166CECCA}.Release|Any CPU.ActiveCfg = Release|Any CPU
		{F20B12FD-55F4-41A0-A0D9-FF1B166CECCA}.Release|Any CPU.Build.0 = Release|Any CPU
		{84674EAC-E070-41F6-8686-93501D2442AA}.Debug|Any CPU.ActiveCfg = Debug|Any CPU
		{84674EAC-E070-41F6-8686-93501D2442AA}.Debug|Any CPU.Build.0 = Debug|Any CPU
		{84674EAC-E070-41F6-8686-93501D2442AA}.Release|Any CPU.ActiveCfg = Release|Any CPU
		{84674EAC-E070-41F6-8686-93501D2442AA}.Release|Any CPU.Build.0 = Release|Any CPU
		{AA07265E-DE55-4B79-9C46-5BF8D94BE906}.Debug|Any CPU.ActiveCfg = Debug|Any CPU
		{AA07265E-DE55-4B79-9C46-5BF8D94BE906}.Debug|Any CPU.Build.0 = Debug|Any CPU
		{AA07265E-DE55-4B79-9C46-5BF8D94BE906}.Release|Any CPU.ActiveCfg = Release|Any CPU
		{AA07265E-DE55-4B79-9C46-5BF8D94BE906}.Release|Any CPU.Build.0 = Release|Any CPU
		{38DF4799-3584-4BB4-8489-38E926C55928}.Debug|Any CPU.ActiveCfg = Debug|Any CPU
		{38DF4799-3584-4BB4-8489-38E926C55928}.Debug|Any CPU.Build.0 = Debug|Any CPU
		{38DF4799-3584-4BB4-8489-38E926C55928}.Release|Any CPU.ActiveCfg = Release|Any CPU
		{38DF4799-3584-4BB4-8489-38E926C55928}.Release|Any CPU.Build.0 = Release|Any CPU
		{98E527F2-6893-4B06-A3C0-3EEE179A1BA5}.Debug|Any CPU.ActiveCfg = Debug|Any CPU
		{98E527F2-6893-4B06-A3C0-3EEE179A1BA5}.Debug|Any CPU.Build.0 = Debug|Any CPU
		{98E527F2-6893-4B06-A3C0-3EEE179A1BA5}.Release|Any CPU.ActiveCfg = Release|Any CPU
		{98E527F2-6893-4B06-A3C0-3EEE179A1BA5}.Release|Any CPU.Build.0 = Release|Any CPU
		{5EDD7146-A94D-4C7B-9419-E10B9F73BB00}.Debug|Any CPU.ActiveCfg = Debug|Any CPU
		{5EDD7146-A94D-4C7B-9419-E10B9F73BB00}.Debug|Any CPU.Build.0 = Debug|Any CPU
		{5EDD7146-A94D-4C7B-9419-E10B9F73BB00}.Release|Any CPU.ActiveCfg = Release|Any CPU
		{5EDD7146-A94D-4C7B-9419-E10B9F73BB00}.Release|Any CPU.Build.0 = Release|Any CPU
		{51119CF7-1BF3-4DB9-A9A5-A3F6685D63CE}.Debug|Any CPU.ActiveCfg = Debug|Any CPU
		{51119CF7-1BF3-4DB9-A9A5-A3F6685D63CE}.Debug|Any CPU.Build.0 = Debug|Any CPU
		{51119CF7-1BF3-4DB9-A9A5-A3F6685D63CE}.Release|Any CPU.ActiveCfg = Release|Any CPU
		{51119CF7-1BF3-4DB9-A9A5-A3F6685D63CE}.Release|Any CPU.Build.0 = Release|Any CPU
		{62A4F0CB-0BE6-445B-A049-80B364ACC6E3}.Debug|Any CPU.ActiveCfg = Debug|Any CPU
		{62A4F0CB-0BE6-445B-A049-80B364ACC6E3}.Debug|Any CPU.Build.0 = Debug|Any CPU
		{62A4F0CB-0BE6-445B-A049-80B364ACC6E3}.Release|Any CPU.ActiveCfg = Release|Any CPU
		{62A4F0CB-0BE6-445B-A049-80B364ACC6E3}.Release|Any CPU.Build.0 = Release|Any CPU
		{5914673C-DF51-4245-97F6-1F6859DB01D4}.Debug|Any CPU.ActiveCfg = Debug|Any CPU
		{5914673C-DF51-4245-97F6-1F6859DB01D4}.Debug|Any CPU.Build.0 = Debug|Any CPU
		{5914673C-DF51-4245-97F6-1F6859DB01D4}.Release|Any CPU.ActiveCfg = Release|Any CPU
		{5914673C-DF51-4245-97F6-1F6859DB01D4}.Release|Any CPU.Build.0 = Release|Any CPU
		{369A8FD7-A11D-4FC7-B8C0-5303E215EFE8}.Debug|Any CPU.ActiveCfg = Debug|Any CPU
		{369A8FD7-A11D-4FC7-B8C0-5303E215EFE8}.Debug|Any CPU.Build.0 = Debug|Any CPU
		{369A8FD7-A11D-4FC7-B8C0-5303E215EFE8}.Release|Any CPU.ActiveCfg = Release|Any CPU
		{369A8FD7-A11D-4FC7-B8C0-5303E215EFE8}.Release|Any CPU.Build.0 = Release|Any CPU
		{20F04F21-E442-4361-B42E-20733662F116}.Debug|Any CPU.ActiveCfg = Debug|Any CPU
		{20F04F21-E442-4361-B42E-20733662F116}.Debug|Any CPU.Build.0 = Debug|Any CPU
		{20F04F21-E442-4361-B42E-20733662F116}.Release|Any CPU.ActiveCfg = Release|Any CPU
		{20F04F21-E442-4361-B42E-20733662F116}.Release|Any CPU.Build.0 = Release|Any CPU
		{98C6FCFF-C742-40A6-92BD-9C399DEA8E94}.Debug|Any CPU.ActiveCfg = Debug|Any CPU
		{98C6FCFF-C742-40A6-92BD-9C399DEA8E94}.Debug|Any CPU.Build.0 = Debug|Any CPU
		{98C6FCFF-C742-40A6-92BD-9C399DEA8E94}.Release|Any CPU.ActiveCfg = Release|Any CPU
		{98C6FCFF-C742-40A6-92BD-9C399DEA8E94}.Release|Any CPU.Build.0 = Release|Any CPU
		{C0030B40-7CD9-4927-ACB1-17FA2D364121}.Debug|Any CPU.ActiveCfg = Debug|Any CPU
		{C0030B40-7CD9-4927-ACB1-17FA2D364121}.Debug|Any CPU.Build.0 = Debug|Any CPU
		{C0030B40-7CD9-4927-ACB1-17FA2D364121}.Release|Any CPU.ActiveCfg = Release|Any CPU
		{C0030B40-7CD9-4927-ACB1-17FA2D364121}.Release|Any CPU.Build.0 = Release|Any CPU
		{3A784219-ED99-496F-A50C-5CB2AAD4E370}.Debug|Any CPU.ActiveCfg = Debug|Any CPU
		{3A784219-ED99-496F-A50C-5CB2AAD4E370}.Debug|Any CPU.Build.0 = Debug|Any CPU
		{3A784219-ED99-496F-A50C-5CB2AAD4E370}.Release|Any CPU.ActiveCfg = Release|Any CPU
		{3A784219-ED99-496F-A50C-5CB2AAD4E370}.Release|Any CPU.Build.0 = Release|Any CPU
		{5567A321-7CE6-4B9B-A0C5-CEEF3E101357}.Debug|Any CPU.ActiveCfg = Debug|Any CPU
		{5567A321-7CE6-4B9B-A0C5-CEEF3E101357}.Debug|Any CPU.Build.0 = Debug|Any CPU
		{5567A321-7CE6-4B9B-A0C5-CEEF3E101357}.Release|Any CPU.ActiveCfg = Release|Any CPU
		{5567A321-7CE6-4B9B-A0C5-CEEF3E101357}.Release|Any CPU.Build.0 = Release|Any CPU
		{10DA101C-E515-408B-9A44-5C7D4A419F99}.Debug|Any CPU.ActiveCfg = Debug|Any CPU
		{10DA101C-E515-408B-9A44-5C7D4A419F99}.Debug|Any CPU.Build.0 = Debug|Any CPU
		{10DA101C-E515-408B-9A44-5C7D4A419F99}.Release|Any CPU.ActiveCfg = Release|Any CPU
		{10DA101C-E515-408B-9A44-5C7D4A419F99}.Release|Any CPU.Build.0 = Release|Any CPU
		{BC99A0C3-332F-4AEF-A00B-3C3405AC4AF9}.Debug|Any CPU.ActiveCfg = Debug|Any CPU
		{BC99A0C3-332F-4AEF-A00B-3C3405AC4AF9}.Debug|Any CPU.Build.0 = Debug|Any CPU
		{BC99A0C3-332F-4AEF-A00B-3C3405AC4AF9}.Release|Any CPU.ActiveCfg = Release|Any CPU
		{BC99A0C3-332F-4AEF-A00B-3C3405AC4AF9}.Release|Any CPU.Build.0 = Release|Any CPU
		{FBDCAF16-DCFE-40BA-B897-10C226A23856}.Debug|Any CPU.ActiveCfg = Debug|Any CPU
		{FBDCAF16-DCFE-40BA-B897-10C226A23856}.Debug|Any CPU.Build.0 = Debug|Any CPU
		{FBDCAF16-DCFE-40BA-B897-10C226A23856}.Release|Any CPU.ActiveCfg = Release|Any CPU
		{FBDCAF16-DCFE-40BA-B897-10C226A23856}.Release|Any CPU.Build.0 = Release|Any CPU
		{70C18733-301E-4D50-B826-AF7F4E957B5E}.Debug|Any CPU.ActiveCfg = Debug|Any CPU
		{70C18733-301E-4D50-B826-AF7F4E957B5E}.Debug|Any CPU.Build.0 = Debug|Any CPU
		{70C18733-301E-4D50-B826-AF7F4E957B5E}.Release|Any CPU.ActiveCfg = Release|Any CPU
		{70C18733-301E-4D50-B826-AF7F4E957B5E}.Release|Any CPU.Build.0 = Release|Any CPU
		{CB47E682-ACE0-49BF-B092-D5B4C0E18C31}.Debug|Any CPU.ActiveCfg = Debug|Any CPU
		{CB47E682-ACE0-49BF-B092-D5B4C0E18C31}.Debug|Any CPU.Build.0 = Debug|Any CPU
		{CB47E682-ACE0-49BF-B092-D5B4C0E18C31}.Release|Any CPU.ActiveCfg = Release|Any CPU
		{CB47E682-ACE0-49BF-B092-D5B4C0E18C31}.Release|Any CPU.Build.0 = Release|Any CPU
		{FAC4D320-198E-4D7D-9272-5991AF4A5FDC}.Debug|Any CPU.ActiveCfg = Debug|Any CPU
		{FAC4D320-198E-4D7D-9272-5991AF4A5FDC}.Debug|Any CPU.Build.0 = Debug|Any CPU
		{FAC4D320-198E-4D7D-9272-5991AF4A5FDC}.Release|Any CPU.ActiveCfg = Release|Any CPU
		{FAC4D320-198E-4D7D-9272-5991AF4A5FDC}.Release|Any CPU.Build.0 = Release|Any CPU
		{EB1A5570-851C-4090-A4E6-00219BC40F4D}.Debug|Any CPU.ActiveCfg = Debug|Any CPU
		{EB1A5570-851C-4090-A4E6-00219BC40F4D}.Debug|Any CPU.Build.0 = Debug|Any CPU
		{EB1A5570-851C-4090-A4E6-00219BC40F4D}.Release|Any CPU.ActiveCfg = Release|Any CPU
		{EB1A5570-851C-4090-A4E6-00219BC40F4D}.Release|Any CPU.Build.0 = Release|Any CPU
		{E25B21AB-341C-4422-B767-AB5CEDB60EB0}.Debug|Any CPU.ActiveCfg = Debug|Any CPU
		{E25B21AB-341C-4422-B767-AB5CEDB60EB0}.Debug|Any CPU.Build.0 = Debug|Any CPU
		{E25B21AB-341C-4422-B767-AB5CEDB60EB0}.Release|Any CPU.ActiveCfg = Release|Any CPU
		{E25B21AB-341C-4422-B767-AB5CEDB60EB0}.Release|Any CPU.Build.0 = Release|Any CPU
		{75053EF8-421A-49EE-B4AB-B7B9DB22509A}.Debug|Any CPU.ActiveCfg = Debug|Any CPU
		{75053EF8-421A-49EE-B4AB-B7B9DB22509A}.Debug|Any CPU.Build.0 = Debug|Any CPU
		{75053EF8-421A-49EE-B4AB-B7B9DB22509A}.Release|Any CPU.ActiveCfg = Release|Any CPU
		{75053EF8-421A-49EE-B4AB-B7B9DB22509A}.Release|Any CPU.Build.0 = Release|Any CPU
		{6E96BBDF-2E04-456F-9235-839DA7EC7D11}.Debug|Any CPU.ActiveCfg = Debug|Any CPU
		{6E96BBDF-2E04-456F-9235-839DA7EC7D11}.Debug|Any CPU.Build.0 = Debug|Any CPU
		{6E96BBDF-2E04-456F-9235-839DA7EC7D11}.Release|Any CPU.ActiveCfg = Release|Any CPU
		{6E96BBDF-2E04-456F-9235-839DA7EC7D11}.Release|Any CPU.Build.0 = Release|Any CPU
		{6970141A-36AE-4BBC-BF23-54AC3564FBF6}.Debug|Any CPU.ActiveCfg = Debug|Any CPU
		{6970141A-36AE-4BBC-BF23-54AC3564FBF6}.Debug|Any CPU.Build.0 = Debug|Any CPU
		{6970141A-36AE-4BBC-BF23-54AC3564FBF6}.Release|Any CPU.ActiveCfg = Release|Any CPU
		{6970141A-36AE-4BBC-BF23-54AC3564FBF6}.Release|Any CPU.Build.0 = Release|Any CPU
		{7984F121-0429-49B3-8F91-29C6DD69E17B}.Debug|Any CPU.ActiveCfg = Debug|Any CPU
		{7984F121-0429-49B3-8F91-29C6DD69E17B}.Debug|Any CPU.Build.0 = Debug|Any CPU
		{7984F121-0429-49B3-8F91-29C6DD69E17B}.Release|Any CPU.ActiveCfg = Release|Any CPU
		{7984F121-0429-49B3-8F91-29C6DD69E17B}.Release|Any CPU.Build.0 = Release|Any CPU
		{2C4319A9-353E-4B8B-9241-3B6E8AB9BA36}.Debug|Any CPU.ActiveCfg = Debug|Any CPU
		{2C4319A9-353E-4B8B-9241-3B6E8AB9BA36}.Debug|Any CPU.Build.0 = Debug|Any CPU
		{2C4319A9-353E-4B8B-9241-3B6E8AB9BA36}.Release|Any CPU.ActiveCfg = Release|Any CPU
		{2C4319A9-353E-4B8B-9241-3B6E8AB9BA36}.Release|Any CPU.Build.0 = Release|Any CPU
		{582AECE0-D458-4456-A6A9-30B41BD74BCE}.Debug|Any CPU.ActiveCfg = Debug|Any CPU
		{582AECE0-D458-4456-A6A9-30B41BD74BCE}.Debug|Any CPU.Build.0 = Debug|Any CPU
		{582AECE0-D458-4456-A6A9-30B41BD74BCE}.Release|Any CPU.ActiveCfg = Release|Any CPU
		{582AECE0-D458-4456-A6A9-30B41BD74BCE}.Release|Any CPU.Build.0 = Release|Any CPU
		{BC853FF6-A4A5-49AE-833C-8193F416CD20}.Debug|Any CPU.ActiveCfg = Debug|Any CPU
		{BC853FF6-A4A5-49AE-833C-8193F416CD20}.Debug|Any CPU.Build.0 = Debug|Any CPU
		{BC853FF6-A4A5-49AE-833C-8193F416CD20}.Release|Any CPU.ActiveCfg = Release|Any CPU
		{BC853FF6-A4A5-49AE-833C-8193F416CD20}.Release|Any CPU.Build.0 = Release|Any CPU
		{BBECD1C0-5C90-4905-BFD3-131F80B765DD}.Debug|Any CPU.ActiveCfg = Debug|Any CPU
		{BBECD1C0-5C90-4905-BFD3-131F80B765DD}.Debug|Any CPU.Build.0 = Debug|Any CPU
		{BBECD1C0-5C90-4905-BFD3-131F80B765DD}.Release|Any CPU.ActiveCfg = Release|Any CPU
		{BBECD1C0-5C90-4905-BFD3-131F80B765DD}.Release|Any CPU.Build.0 = Release|Any CPU
		{78012D4D-31A4-41AD-B0CE-39AC6ECC69D0}.Debug|Any CPU.ActiveCfg = Debug|Any CPU
		{78012D4D-31A4-41AD-B0CE-39AC6ECC69D0}.Debug|Any CPU.Build.0 = Debug|Any CPU
		{78012D4D-31A4-41AD-B0CE-39AC6ECC69D0}.Release|Any CPU.ActiveCfg = Release|Any CPU
		{78012D4D-31A4-41AD-B0CE-39AC6ECC69D0}.Release|Any CPU.Build.0 = Release|Any CPU
		{80ED15EE-8B7C-40BE-A21A-C43277631781}.Debug|Any CPU.ActiveCfg = Debug|Any CPU
		{80ED15EE-8B7C-40BE-A21A-C43277631781}.Debug|Any CPU.Build.0 = Debug|Any CPU
		{80ED15EE-8B7C-40BE-A21A-C43277631781}.Release|Any CPU.ActiveCfg = Release|Any CPU
		{80ED15EE-8B7C-40BE-A21A-C43277631781}.Release|Any CPU.Build.0 = Release|Any CPU
	EndGlobalSection
	GlobalSection(SolutionProperties) = preSolution
		HideSolutionNode = FALSE
	EndGlobalSection
	GlobalSection(ExtensibilityGlobals) = postSolution
		SolutionGuid = {1802EB71-3039-4C40-BD10-1B761C4B827D}
	EndGlobalSection
EndGlobal
